
Microsoft Visual Studio Solution File, Format Version 12.00
# Visual Studio Version 16
VisualStudioVersion = 16.0.31025.194
MinimumVisualStudioVersion = 10.0.40219.1
Project("{8BC9CEB8-8B4A-11D0-8D11-00A0C91BC942}") = "6 lab", "6 lab\6 lab.vcxproj", "{38505B96-39F1-4F4B-99E3-59C509DD3518}"
EndProject
Global
	GlobalSection(SolutionConfigurationPlatforms) = preSolution
		Debug|x64 = Debug|x64
		Debug|x86 = Debug|x86
		Release|x64 = Release|x64
		Release|x86 = Release|x86
	EndGlobalSection
	GlobalSection(ProjectConfigurationPlatforms) = postSolution
		{38505B96-39F1-4F4B-99E3-59C509DD3518}.Debug|x64.ActiveCfg = Debug|x64
		{38505B96-39F1-4F4B-99E3-59C509DD3518}.Debug|x64.Build.0 = Debug|x64
		{38505B96-39F1-4F4B-99E3-59C509DD3518}.Debug|x86.ActiveCfg = Debug|Win32
		{38505B96-39F1-4F4B-99E3-59C509DD3518}.Debug|x86.Build.0 = Debug|Win32
		{38505B96-39F1-4F4B-99E3-59C509DD3518}.Release|x64.ActiveCfg = Release|x64
		{38505B96-39F1-4F4B-99E3-59C509DD3518}.Release|x64.Build.0 = Release|x64
		{38505B96-39F1-4F4B-99E3-59C509DD3518}.Release|x86.ActiveCfg = Release|Win32
		{38505B96-39F1-4F4B-99E3-59C509DD3518}.Release|x86.Build.0 = Release|Win32
	EndGlobalSection
	GlobalSection(SolutionProperties) = preSolution
		HideSolutionNode = FALSE
	EndGlobalSection
	GlobalSection(ExtensibilityGlobals) = postSolution
		SolutionGuid = {B73CFCAA-4D32-4FE1-966B-F4B3C0BA41D7}
	EndGlobalSection
EndGlobal
